
Microsoft Visual Studio Solution File, Format Version 12.00
# Visual Studio 15
VisualStudioVersion = 15.0.28307.421
MinimumVisualStudioVersion = 10.0.40219.1
Project("{FAE04EC0-301F-11D3-BF4B-00C04F79EFBC}") = "FibonacciPower", "FibonacciPower\FibonacciPower.csproj", "{AED80462-D506-493A-A38D-FEB7FB7A857E}"
EndProject
Global
	GlobalSection(SolutionConfigurationPlatforms) = preSolution
		Debug|Any CPU = Debug|Any CPU
		Release|Any CPU = Release|Any CPU
	EndGlobalSection
	GlobalSection(ProjectConfigurationPlatforms) = postSolution
		{AED80462-D506-493A-A38D-FEB7FB7A857E}.Debug|Any CPU.ActiveCfg = Debug|Any CPU
		{AED80462-D506-493A-A38D-FEB7FB7A857E}.Debug|Any CPU.Build.0 = Debug|Any CPU
		{AED80462-D506-493A-A38D-FEB7FB7A857E}.Release|Any CPU.ActiveCfg = Release|Any CPU
		{AED80462-D506-493A-A38D-FEB7FB7A857E}.Release|Any CPU.Build.0 = Release|Any CPU
	EndGlobalSection
	GlobalSection(SolutionProperties) = preSolution
		HideSolutionNode = FALSE
	EndGlobalSection
	GlobalSection(ExtensibilityGlobals) = postSolution
		SolutionGuid = {541C4EB0-DD73-4652-BAA1-9195EDA1CC30}
	EndGlobalSection
EndGlobal
